
Microsoft Visual Studio Solution File, Format Version 12.00
# Visual Studio Version 16
VisualStudioVersion = 16.0.30907.101
MinimumVisualStudioVersion = 10.0.40219.1
Project("{FAE04EC0-301F-11D3-BF4B-00C04F79EFBC}") = "SecretMessages_Library", "SecretMessages_Library\SecretMessages_Library.csproj", "{CE10A0F4-584E-49A9-9760-FC23E879BE1C}"
EndProject
Project("{FAE04EC0-301F-11D3-BF4B-00C04F79EFBC}") = "SecretMessages_Library.Contracts", "SecretMessages_Library.Contracts\SecretMessages_Library.Contracts.csproj", "{D3167892-EC95-4D1F-A0EC-428E9E9ED44E}"
EndProject
Project("{FAE04EC0-301F-11D3-BF4B-00C04F79EFBC}") = "SecretMessages_Library.Models", "SecretMessages_Library.Models\SecretMessages_Library.Models.csproj", "{C7648F09-DFEE-40F3-B8E0-6D7CE2BCED7B}"
EndProject
Project("{FAE04EC0-301F-11D3-BF4B-00C04F79EFBC}") = "TestingConsole", "TestingConsole\TestingConsole.csproj", "{6D29D114-783F-48F0-B3A8-7BC5651CD9C2}"
EndProject
Global
	GlobalSection(SolutionConfigurationPlatforms) = preSolution
		Debug|Any CPU = Debug|Any CPU
		Release|Any CPU = Release|Any CPU
	EndGlobalSection
	GlobalSection(ProjectConfigurationPlatforms) = postSolution
		{CE10A0F4-584E-49A9-9760-FC23E879BE1C}.Debug|Any CPU.ActiveCfg = Debug|Any CPU
		{CE10A0F4-584E-49A9-9760-FC23E879BE1C}.Debug|Any CPU.Build.0 = Debug|Any CPU
		{CE10A0F4-584E-49A9-9760-FC23E879BE1C}.Release|Any CPU.ActiveCfg = Release|Any CPU
		{CE10A0F4-584E-49A9-9760-FC23E879BE1C}.Release|Any CPU.Build.0 = Release|Any CPU
		{D3167892-EC95-4D1F-A0EC-428E9E9ED44E}.Debug|Any CPU.ActiveCfg = Debug|Any CPU
		{D3167892-EC95-4D1F-A0EC-428E9E9ED44E}.Debug|Any CPU.Build.0 = Debug|Any CPU
		{D3167892-EC95-4D1F-A0EC-428E9E9ED44E}.Release|Any CPU.ActiveCfg = Release|Any CPU
		{D3167892-EC95-4D1F-A0EC-428E9E9ED44E}.Release|Any CPU.Build.0 = Release|Any CPU
		{C7648F09-DFEE-40F3-B8E0-6D7CE2BCED7B}.Debug|Any CPU.ActiveCfg = Debug|Any CPU
		{C7648F09-DFEE-40F3-B8E0-6D7CE2BCED7B}.Debug|Any CPU.Build.0 = Debug|Any CPU
		{C7648F09-DFEE-40F3-B8E0-6D7CE2BCED7B}.Release|Any CPU.ActiveCfg = Release|Any CPU
		{C7648F09-DFEE-40F3-B8E0-6D7CE2BCED7B}.Release|Any CPU.Build.0 = Release|Any CPU
		{6D29D114-783F-48F0-B3A8-7BC5651CD9C2}.Debug|Any CPU.ActiveCfg = Debug|Any CPU
		{6D29D114-783F-48F0-B3A8-7BC5651CD9C2}.Debug|Any CPU.Build.0 = Debug|Any CPU
		{6D29D114-783F-48F0-B3A8-7BC5651CD9C2}.Release|Any CPU.ActiveCfg = Release|Any CPU
		{6D29D114-783F-48F0-B3A8-7BC5651CD9C2}.Release|Any CPU.Build.0 = Release|Any CPU
	EndGlobalSection
	GlobalSection(SolutionProperties) = preSolution
		HideSolutionNode = FALSE
	EndGlobalSection
	GlobalSection(ExtensibilityGlobals) = postSolution
		SolutionGuid = {AD4E3871-147B-4205-8596-00E9BE807669}
	EndGlobalSection
EndGlobal
